
Microsoft Visual Studio Solution File, Format Version 12.00
# Visual Studio Version 16
VisualStudioVersion = 16.0.30907.101
MinimumVisualStudioVersion = 10.0.40219.1
Project("{FAE04EC0-301F-11D3-BF4B-00C04F79EFBC}") = "KitsuneProject", "KitsuneProject.csproj", "{622E313B-DB45-4571-ACE7-FF20FBE15AE8}"
EndProject
Project("{9A19103F-16F7-4668-BE54-9A1E7A4F7556}") = "Swordfish", "..\SwordfishEngine\Swordfish\Swordfish.csproj", "{2F5CD4DC-4DDD-471A-AB8D-D677429BE86C}"
EndProject
Global
	GlobalSection(SolutionConfigurationPlatforms) = preSolution
		Debug|Any CPU = Debug|Any CPU
		Release|Any CPU = Release|Any CPU
	EndGlobalSection
	GlobalSection(ProjectConfigurationPlatforms) = postSolution
		{622E313B-DB45-4571-ACE7-FF20FBE15AE8}.Debug|Any CPU.ActiveCfg = Debug|Any CPU
		{622E313B-DB45-4571-ACE7-FF20FBE15AE8}.Debug|Any CPU.Build.0 = Debug|Any CPU
		{622E313B-DB45-4571-ACE7-FF20FBE15AE8}.Release|Any CPU.ActiveCfg = Release|Any CPU
		{622E313B-DB45-4571-ACE7-FF20FBE15AE8}.Release|Any CPU.Build.0 = Release|Any CPU
		{2F5CD4DC-4DDD-471A-AB8D-D677429BE86C}.Debug|Any CPU.ActiveCfg = Debug|Any CPU
		{2F5CD4DC-4DDD-471A-AB8D-D677429BE86C}.Debug|Any CPU.Build.0 = Debug|Any CPU
		{2F5CD4DC-4DDD-471A-AB8D-D677429BE86C}.Release|Any CPU.ActiveCfg = Release|Any CPU
		{2F5CD4DC-4DDD-471A-AB8D-D677429BE86C}.Release|Any CPU.Build.0 = Release|Any CPU
	EndGlobalSection
	GlobalSection(SolutionProperties) = preSolution
		HideSolutionNode = FALSE
	EndGlobalSection
	GlobalSection(ExtensibilityGlobals) = postSolution
		SolutionGuid = {A68FC563-9377-42A5-8179-A5A7CF49D4A7}
	EndGlobalSection
EndGlobal
